
Microsoft Visual Studio Solution File, Format Version 12.00
# Visual Studio 15
VisualStudioVersion = 15.0.26430.6
MinimumVisualStudioVersion = 10.0.40219.1
Project("{FAE04EC0-301F-11D3-BF4B-00C04F79EFBC}") = "client", "client\client.csproj", "{93992C51-BEE4-4C87-B254-A782B50715DB}"
EndProject
Project("{FAE04EC0-301F-11D3-BF4B-00C04F79EFBC}") = "server", "server\server.csproj", "{86739771-820B-4C56-9993-C8735B405954}"
EndProject
Project("{FAE04EC0-301F-11D3-BF4B-00C04F79EFBC}") = "MyUtil", "MyUtil\MyUtil.csproj", "{B18519A5-910D-4470-A25D-34243E1E0C4E}"
EndProject
Global
	GlobalSection(SolutionConfigurationPlatforms) = preSolution
		Debug|Any CPU = Debug|Any CPU
		Release|Any CPU = Release|Any CPU
	EndGlobalSection
	GlobalSection(ProjectConfigurationPlatforms) = postSolution
		{93992C51-BEE4-4C87-B254-A782B50715DB}.Debug|Any CPU.ActiveCfg = Debug|Any CPU
		{93992C51-BEE4-4C87-B254-A782B50715DB}.Debug|Any CPU.Build.0 = Debug|Any CPU
		{93992C51-BEE4-4C87-B254-A782B50715DB}.Release|Any CPU.ActiveCfg = Release|Any CPU
		{93992C51-BEE4-4C87-B254-A782B50715DB}.Release|Any CPU.Build.0 = Release|Any CPU
		{86739771-820B-4C56-9993-C8735B405954}.Debug|Any CPU.ActiveCfg = Debug|Any CPU
		{86739771-820B-4C56-9993-C8735B405954}.Debug|Any CPU.Build.0 = Debug|Any CPU
		{86739771-820B-4C56-9993-C8735B405954}.Release|Any CPU.ActiveCfg = Release|Any CPU
		{86739771-820B-4C56-9993-C8735B405954}.Release|Any CPU.Build.0 = Release|Any CPU
		{B18519A5-910D-4470-A25D-34243E1E0C4E}.Debug|Any CPU.ActiveCfg = Debug|Any CPU
		{B18519A5-910D-4470-A25D-34243E1E0C4E}.Debug|Any CPU.Build.0 = Debug|Any CPU
		{B18519A5-910D-4470-A25D-34243E1E0C4E}.Release|Any CPU.ActiveCfg = Release|Any CPU
		{B18519A5-910D-4470-A25D-34243E1E0C4E}.Release|Any CPU.Build.0 = Release|Any CPU
	EndGlobalSection
	GlobalSection(SolutionProperties) = preSolution
		HideSolutionNode = FALSE
	EndGlobalSection
	GlobalSection(ExtensibilityGlobals) = postSolution
		SolutionGuid = {CAAE2EAD-26F7-44F0-8261-5199624B4B79}
	EndGlobalSection
EndGlobal
